
Microsoft Visual Studio Solution File, Format Version 12.00
# Visual Studio 2012
Project("{FAE04EC0-301F-11D3-BF4B-00C04F79EFBC}") = "YouCast", "YouCast\YouCast.csproj", "{46E83745-F19D-4EB1-BB72-699726DDEA70}"
EndProject
Project("{FAE04EC0-301F-11D3-BF4B-00C04F79EFBC}") = "SyndicationService", "SyndicationService\SyndicationService.csproj", "{AF3F90DE-6C83-4C48-A4C5-2310E4383808}"
EndProject
Project("{FAE04EC0-301F-11D3-BF4B-00C04F79EFBC}") = "YoutubeExtractor", "YoutubeExtractor\YoutubeExtractor.csproj", "{ECDC127F-8DEF-4F99-8300-72C13597339D}"
EndProject
Global
	GlobalSection(TeamFoundationVersionControl) = preSolution
		SccNumberOfProjects = 4
		SccEnterpriseProvider = {4CA58AB2-18FA-4F8D-95D4-32DDF27D184C}
		SccTeamFoundationServer = https://tfs.codeplex.com/tfs/tfs23
		SccLocalPath0 = .
		SccProjectUniqueName1 = SyndicationService\\SyndicationService.csproj
		SccProjectName1 = SyndicationService
		SccLocalPath1 = SyndicationService
		SccProjectUniqueName2 = YouCast\\YouCast.csproj
		SccProjectName2 = YouCast
		SccLocalPath2 = YouCast
		SccProjectUniqueName3 = YoutubeExtractor\\YoutubeExtractor.csproj
		SccProjectName3 = YoutubeExtractor
		SccLocalPath3 = YoutubeExtractor
	EndGlobalSection
	GlobalSection(SolutionConfigurationPlatforms) = preSolution
		Debug|Any CPU = Debug|Any CPU
		Release|Any CPU = Release|Any CPU
	EndGlobalSection
	GlobalSection(ProjectConfigurationPlatforms) = postSolution
		{46E83745-F19D-4EB1-BB72-699726DDEA70}.Debug|Any CPU.ActiveCfg = Debug|Any CPU
		{46E83745-F19D-4EB1-BB72-699726DDEA70}.Debug|Any CPU.Build.0 = Debug|Any CPU
		{46E83745-F19D-4EB1-BB72-699726DDEA70}.Release|Any CPU.ActiveCfg = Release|Any CPU
		{46E83745-F19D-4EB1-BB72-699726DDEA70}.Release|Any CPU.Build.0 = Release|Any CPU
		{AF3F90DE-6C83-4C48-A4C5-2310E4383808}.Debug|Any CPU.ActiveCfg = Debug|Any CPU
		{AF3F90DE-6C83-4C48-A4C5-2310E4383808}.Debug|Any CPU.Build.0 = Debug|Any CPU
		{AF3F90DE-6C83-4C48-A4C5-2310E4383808}.Release|Any CPU.ActiveCfg = Release|Any CPU
		{AF3F90DE-6C83-4C48-A4C5-2310E4383808}.Release|Any CPU.Build.0 = Release|Any CPU
		{ECDC127F-8DEF-4F99-8300-72C13597339D}.Debug|Any CPU.ActiveCfg = Debug|Any CPU
		{ECDC127F-8DEF-4F99-8300-72C13597339D}.Debug|Any CPU.Build.0 = Debug|Any CPU
		{ECDC127F-8DEF-4F99-8300-72C13597339D}.Release|Any CPU.ActiveCfg = Release|Any CPU
		{ECDC127F-8DEF-4F99-8300-72C13597339D}.Release|Any CPU.Build.0 = Release|Any CPU
	EndGlobalSection
	GlobalSection(SolutionProperties) = preSolution
		HideSolutionNode = FALSE
	EndGlobalSection
EndGlobal
